
Microsoft Visual Studio Solution File, Format Version 12.00
# Visual Studio Version 17
VisualStudioVersion = 17.3.32804.467
MinimumVisualStudioVersion = 10.0.40219.1
Project("{FAE04EC0-301F-11D3-BF4B-00C04F79EFBC}") = "SoftUni", "SoftUni.csproj", "{7A773611-CC1C-47E7-ACE4-F56A9D32A284}"
EndProject
Global
	GlobalSection(SolutionConfigurationPlatforms) = preSolution
		Debug|Any CPU = Debug|Any CPU
		Release|Any CPU = Release|Any CPU
	EndGlobalSection
	GlobalSection(ProjectConfigurationPlatforms) = postSolution
		{7A773611-CC1C-47E7-ACE4-F56A9D32A284}.Debug|Any CPU.ActiveCfg = Debug|Any CPU
		{7A773611-CC1C-47E7-ACE4-F56A9D32A284}.Debug|Any CPU.Build.0 = Debug|Any CPU
		{7A773611-CC1C-47E7-ACE4-F56A9D32A284}.Release|Any CPU.ActiveCfg = Release|Any CPU
		{7A773611-CC1C-47E7-ACE4-F56A9D32A284}.Release|Any CPU.Build.0 = Release|Any CPU
	EndGlobalSection
	GlobalSection(SolutionProperties) = preSolution
		HideSolutionNode = FALSE
	EndGlobalSection
	GlobalSection(ExtensibilityGlobals) = postSolution
		SolutionGuid = {2FF5C404-DA5C-4D5D-B8C4-4E1C078D5C94}
	EndGlobalSection
EndGlobal
